
Microsoft Visual Studio Solution File, Format Version 12.00
# Visual Studio Version 17
VisualStudioVersion = 17.9.34728.123
MinimumVisualStudioVersion = 10.0.40219.1
Project("{9A19103F-16F7-4668-BE54-9A1E7A4F7556}") = "ApiMongoDB", "ApiMongoDB\ApiMongoDB.csproj", "{C1950410-671D-44D8-B1C0-37E74998021D}"
EndProject
Project("{9A19103F-16F7-4668-BE54-9A1E7A4F7556}") = "ApiMongoDBTest", "ApiMongoDBTest\ApiMongoDBTest.csproj", "{17415973-4660-446E-A701-CD20D16DDEB9}"
EndProject
Global
	GlobalSection(SolutionConfigurationPlatforms) = preSolution
		Debug|Any CPU = Debug|Any CPU
		Release|Any CPU = Release|Any CPU
	EndGlobalSection
	GlobalSection(ProjectConfigurationPlatforms) = postSolution
		{C1950410-671D-44D8-B1C0-37E74998021D}.Debug|Any CPU.ActiveCfg = Debug|Any CPU
		{C1950410-671D-44D8-B1C0-37E74998021D}.Debug|Any CPU.Build.0 = Debug|Any CPU
		{C1950410-671D-44D8-B1C0-37E74998021D}.Release|Any CPU.ActiveCfg = Release|Any CPU
		{C1950410-671D-44D8-B1C0-37E74998021D}.Release|Any CPU.Build.0 = Release|Any CPU
		{17415973-4660-446E-A701-CD20D16DDEB9}.Debug|Any CPU.ActiveCfg = Debug|Any CPU
		{17415973-4660-446E-A701-CD20D16DDEB9}.Debug|Any CPU.Build.0 = Debug|Any CPU
		{17415973-4660-446E-A701-CD20D16DDEB9}.Release|Any CPU.ActiveCfg = Release|Any CPU
		{17415973-4660-446E-A701-CD20D16DDEB9}.Release|Any CPU.Build.0 = Release|Any CPU
	EndGlobalSection
	GlobalSection(SolutionProperties) = preSolution
		HideSolutionNode = FALSE
	EndGlobalSection
	GlobalSection(ExtensibilityGlobals) = postSolution
		SolutionGuid = {6F338177-998F-4EC9-9D98-0A05606B29F3}
	EndGlobalSection
EndGlobal
